
Microsoft Visual Studio Solution File, Format Version 12.00
# Visual Studio Version 17
VisualStudioVersion = 17.14.36327.8 d17.14
MinimumVisualStudioVersion = 10.0.40219.1
Project("{FAE04EC0-301F-11D3-BF4B-00C04F79EFBC}") = "LT_B1_OOP", "LT_B1_OOP.csproj", "{31294ED8-D2B9-44DB-9D62-256A0ADE9A99}"
EndProject
Global
	GlobalSection(SolutionConfigurationPlatforms) = preSolution
		Debug|Any CPU = Debug|Any CPU
		Release|Any CPU = Release|Any CPU
	EndGlobalSection
	GlobalSection(ProjectConfigurationPlatforms) = postSolution
		{31294ED8-D2B9-44DB-9D62-256A0ADE9A99}.Debug|Any CPU.ActiveCfg = Debug|Any CPU
		{31294ED8-D2B9-44DB-9D62-256A0ADE9A99}.Debug|Any CPU.Build.0 = Debug|Any CPU
		{31294ED8-D2B9-44DB-9D62-256A0ADE9A99}.Release|Any CPU.ActiveCfg = Release|Any CPU
		{31294ED8-D2B9-44DB-9D62-256A0ADE9A99}.Release|Any CPU.Build.0 = Release|Any CPU
	EndGlobalSection
	GlobalSection(SolutionProperties) = preSolution
		HideSolutionNode = FALSE
	EndGlobalSection
	GlobalSection(ExtensibilityGlobals) = postSolution
		SolutionGuid = {EFBEDFF3-12D2-41C7-BA75-DA5065138EDB}
	EndGlobalSection
EndGlobal
